
Microsoft Visual Studio Solution File, Format Version 12.00
# Visual Studio Version 17
VisualStudioVersion = 17.7.34024.191
MinimumVisualStudioVersion = 10.0.40219.1
Project("{FAE04EC0-301F-11D3-BF4B-00C04F79EFBC}") = "Manage4Us.Events", "Manage4Us.Events\Manage4Us.Events.csproj", "{4DEE868A-4A16-474C-AEB2-5FB7AC46DE9F}"
EndProject
Project("{FAE04EC0-301F-11D3-BF4B-00C04F79EFBC}") = "Manage4Us.Events.Domain", "Manage4Us.Events.Domain\Manage4Us.Events.Domain.csproj", "{EE5CE2D9-5445-4EB7-9591-C8C4D9E82144}"
EndProject
Global
	GlobalSection(SolutionConfigurationPlatforms) = preSolution
		Debug|Any CPU = Debug|Any CPU
		Release|Any CPU = Release|Any CPU
	EndGlobalSection
	GlobalSection(ProjectConfigurationPlatforms) = postSolution
		{4DEE868A-4A16-474C-AEB2-5FB7AC46DE9F}.Debug|Any CPU.ActiveCfg = Debug|Any CPU
		{4DEE868A-4A16-474C-AEB2-5FB7AC46DE9F}.Debug|Any CPU.Build.0 = Debug|Any CPU
		{4DEE868A-4A16-474C-AEB2-5FB7AC46DE9F}.Release|Any CPU.ActiveCfg = Release|Any CPU
		{4DEE868A-4A16-474C-AEB2-5FB7AC46DE9F}.Release|Any CPU.Build.0 = Release|Any CPU
		{EE5CE2D9-5445-4EB7-9591-C8C4D9E82144}.Debug|Any CPU.ActiveCfg = Debug|Any CPU
		{EE5CE2D9-5445-4EB7-9591-C8C4D9E82144}.Debug|Any CPU.Build.0 = Debug|Any CPU
		{EE5CE2D9-5445-4EB7-9591-C8C4D9E82144}.Release|Any CPU.ActiveCfg = Release|Any CPU
		{EE5CE2D9-5445-4EB7-9591-C8C4D9E82144}.Release|Any CPU.Build.0 = Release|Any CPU
	EndGlobalSection
	GlobalSection(SolutionProperties) = preSolution
		HideSolutionNode = FALSE
	EndGlobalSection
	GlobalSection(ExtensibilityGlobals) = postSolution
		SolutionGuid = {EECA28FA-907F-4A0A-B49C-9DC4B9B052F9}
	EndGlobalSection
EndGlobal
